
Microsoft Visual Studio Solution File, Format Version 12.00
# Visual Studio Version 17
VisualStudioVersion = 17.14.36511.14 d17.14
MinimumVisualStudioVersion = 10.0.40219.1
Project("{FAE04EC0-301F-11D3-BF4B-00C04F79EFBC}") = "Gestion de peronas y agendas", "Gestion de peronas y agendas.csproj", "{8B3805F7-5B8E-49D2-9E71-A244BCCD52AF}"
EndProject
Global
	GlobalSection(SolutionConfigurationPlatforms) = preSolution
		Debug|Any CPU = Debug|Any CPU
		Release|Any CPU = Release|Any CPU
	EndGlobalSection
	GlobalSection(ProjectConfigurationPlatforms) = postSolution
		{8B3805F7-5B8E-49D2-9E71-A244BCCD52AF}.Debug|Any CPU.ActiveCfg = Debug|Any CPU
		{8B3805F7-5B8E-49D2-9E71-A244BCCD52AF}.Debug|Any CPU.Build.0 = Debug|Any CPU
		{8B3805F7-5B8E-49D2-9E71-A244BCCD52AF}.Release|Any CPU.ActiveCfg = Release|Any CPU
		{8B3805F7-5B8E-49D2-9E71-A244BCCD52AF}.Release|Any CPU.Build.0 = Release|Any CPU
	EndGlobalSection
	GlobalSection(SolutionProperties) = preSolution
		HideSolutionNode = FALSE
	EndGlobalSection
	GlobalSection(ExtensibilityGlobals) = postSolution
		SolutionGuid = {1B8F949E-983F-49E2-8AB3-115897A2D30A}
	EndGlobalSection
EndGlobal
